Microsoft Visual Studio Solution File, Format Version 12.00
# Visual Studio Version 17
VisualStudioVersion = 17.5.2.0
MinimumVisualStudioVersion = 10.0.40219.1
Project("{FAE04EC0-301F-11D3-BF4B-00C04F79EFBC}") = "ADO_Demo", "ADO_Demo.csproj", "{B84BE451-900B-5F76-1ACC-44900388184F}"
EndProject
Global
	GlobalSection(SolutionConfigurationPlatforms) = preSolution
		Debug|Any CPU = Debug|Any CPU
		Release|Any CPU = Release|Any CPU
	EndGlobalSection
	GlobalSection(ProjectConfigurationPlatforms) = postSolution
		{B84BE451-900B-5F76-1ACC-44900388184F}.Debug|Any CPU.ActiveCfg = Debug|Any CPU
		{B84BE451-900B-5F76-1ACC-44900388184F}.Debug|Any CPU.Build.0 = Debug|Any CPU
		{B84BE451-900B-5F76-1ACC-44900388184F}.Release|Any CPU.ActiveCfg = Release|Any CPU
		{B84BE451-900B-5F76-1ACC-44900388184F}.Release|Any CPU.Build.0 = Release|Any CPU
	EndGlobalSection
	GlobalSection(SolutionProperties) = preSolution
		HideSolutionNode = FALSE
	EndGlobalSection
	GlobalSection(ExtensibilityGlobals) = postSolution
		SolutionGuid = {BF3BB22C-F640-482C-8CCC-95BE7C8E94FD}
	EndGlobalSection
EndGlobal
