Microsoft Visual Studio Solution File, Format Version 12.00
# Visual Studio Version 17
VisualStudioVersion = 17.5.2.0
MinimumVisualStudioVersion = 10.0.40219.1
Project("{FAE04EC0-301F-11D3-BF4B-00C04F79EFBC}") = "BCL", "BCL.csproj", "{5E2CE240-06BF-800C-B493-F1440C1F7B3A}"
EndProject
Global
	GlobalSection(SolutionConfigurationPlatforms) = preSolution
		Debug|Any CPU = Debug|Any CPU
		Release|Any CPU = Release|Any CPU
	EndGlobalSection
	GlobalSection(ProjectConfigurationPlatforms) = postSolution
		{5E2CE240-06BF-800C-B493-F1440C1F7B3A}.Debug|Any CPU.ActiveCfg = Debug|Any CPU
		{5E2CE240-06BF-800C-B493-F1440C1F7B3A}.Debug|Any CPU.Build.0 = Debug|Any CPU
		{5E2CE240-06BF-800C-B493-F1440C1F7B3A}.Release|Any CPU.ActiveCfg = Release|Any CPU
		{5E2CE240-06BF-800C-B493-F1440C1F7B3A}.Release|Any CPU.Build.0 = Release|Any CPU
	EndGlobalSection
	GlobalSection(SolutionProperties) = preSolution
		HideSolutionNode = FALSE
	EndGlobalSection
	GlobalSection(ExtensibilityGlobals) = postSolution
		SolutionGuid = {152D2FCA-D012-448E-B1D6-8E19DAFF4854}
	EndGlobalSection
EndGlobal
